// !$*UTF8*$!
{
	archiveVersion = 1;
	classes = {
	};
	objectVersion = 53;
	objects = {

/* Begin PBXBuildFile section */
		7A694401271496C1009DB1BB /* AppDelegate.swift in Sources */ = {isa = PBXBuildFile; fileRef = 7A694400271496C1009DB1BB /* AppDelegate.swift */; };
		7A69441527149717009DB1BB /* StatusBarController.swift in Sources */ = {isa = PBXBuildFile; fileRef = 7A69441427149717009DB1BB /* StatusBarController.swift */; };
		7A69441C27149AEB009DB1BB /* main.swift in Sources */ = {isa = PBXBuildFile; fileRef = 7A69441B27149AEB009DB1BB /* main.swift */; };
		7A6944202714A748009DB1BB /* DrawViewController.swift in Sources */ = {isa = PBXBuildFile; fileRef = 7A69441F2714A748009DB1BB /* DrawViewController.swift */; };
		7A773BCF2714C77600697D14 /* DrawView.swift in Sources */ = {isa = PBXBuildFile; fileRef = 7A773BCE2714C77600697D14 /* DrawView.swift */; };
		7AAEA9C927A34212002019E5 /* Images.xcassets in Resources */ = {isa = PBXBuildFile; fileRef = 7AAEA9C827A34212002019E5 /* Images.xcassets */; };
		AE0C41055ADEFBB91A73018B /* CarbonKeys.swift in Sources */ = {isa = PBXBuildFile; fileRef = AE0C4126D4386047C19F3C42 /* CarbonKeys.swift */; };
		AE0C423FEF1CC69763A92346 /* Parameters.swift in Sources */ = {isa = PBXBuildFile; fileRef = AE0C4463E52394F388D39791 /* Parameters.swift */; };
		AE0C42FCB8F2F66B47E824C2 /* ParamMenuItem.swift in Sources */ = {isa = PBXBuildFile; fileRef = AE0C444703368C0FB0E2C354 /* ParamMenuItem.swift */; };
		AE0C42FDB507D3B37CAFEAD9 /* HotKey.swift in Sources */ = {isa = PBXBuildFile; fileRef = AE0C420BAE8F7BFD35E70B3F /* HotKey.swift */; };
		AE0C45077AEA2E4E33CAA982 /* PanelController.swift in Sources */ = {isa = PBXBuildFile; fileRef = AE0C4C301E883B17471458E5 /* PanelController.swift */; };
		AE0C4905B4113B4C048E4D26 /* HotKeyWindowController.swift in Sources */ = {isa = PBXBuildFile; fileRef = AE0C4235D3D1D2CC2FE5483B /* HotKeyWindowController.swift */; };
		AE0C4D064BD2D9704F230476 /* HotKeyViewController.swift in Sources */ = {isa = PBXBuildFile; fileRef = AE0C431BE5CB2737030902B0 /* HotKeyViewController.swift */; };
		AE0C4E9E3ACB546674BF2FC4 /* HotKeyManager.swift in Sources */ = {isa = PBXBuildFile; fileRef = AE0C4CBD1A25156DCE484BB4 /* HotKeyManager.swift */; };
/* End PBXBuildFile section */

/* Begin PBXFileReference section */
		7A6943FD271496C1009DB1BB /* Drawerlay.app */ = {isa = PBXFileReference; explicitFileType = wrapper.application; includeInIndex = 0; path = Drawerlay.app; sourceTree = BUILT_PRODUCTS_DIR; };
		7A694400271496C1009DB1BB /* AppDelegate.swift */ = {isa = PBXFileReference; lastKnownFileType = sourcecode.swift; path = AppDelegate.swift; sourceTree = "<group>"; };
		7A69440C271496C2009DB1BB /* Info.plist */ = {isa = PBXFileReference; lastKnownFileType = text.plist.xml; path = Info.plist; sourceTree = "<group>"; };
		7A69441427149717009DB1BB /* StatusBarController.swift */ = {isa = PBXFileReference; lastKnownFileType = sourcecode.swift; path = StatusBarController.swift; sourceTree = "<group>"; };
		7A69441B27149AEB009DB1BB /* main.swift */ = {isa = PBXFileReference; lastKnownFileType = sourcecode.swift; path = main.swift; sourceTree = "<group>"; };
		7A69441F2714A748009DB1BB /* DrawViewController.swift */ = {isa = PBXFileReference; lastKnownFileType = sourcecode.swift; path = DrawViewController.swift; sourceTree = "<group>"; };
		7A773BCE2714C77600697D14 /* DrawView.swift */ = {isa = PBXFileReference; lastKnownFileType = sourcecode.swift; path = DrawView.swift; sourceTree = "<group>"; };
		7AAEA9C827A34212002019E5 /* Images.xcassets */ = {isa = PBXFileReference; lastKnownFileType = folder.assetcatalog; path = Images.xcassets; sourceTree = "<group>"; };
		AE0C4126D4386047C19F3C42 /* CarbonKeys.swift */ = {isa = PBXFileReference; fileEncoding = 4; lastKnownFileType = sourcecode.swift; path = CarbonKeys.swift; sourceTree = "<group>"; };
		AE0C420BAE8F7BFD35E70B3F /* HotKey.swift */ = {isa = PBXFileReference; fileEncoding = 4; lastKnownFileType = sourcecode.swift; path = HotKey.swift; sourceTree = "<group>"; };
		AE0C4235D3D1D2CC2FE5483B /* HotKeyWindowController.swift */ = {isa = PBXFileReference; fileEncoding = 4; lastKnownFileType = sourcecode.swift; path = HotKeyWindowController.swift; sourceTree = "<group>"; };
		AE0C431BE5CB2737030902B0 /* HotKeyViewController.swift */ = {isa = PBXFileReference; fileEncoding = 4; lastKnownFileType = sourcecode.swift; path = HotKeyViewController.swift; sourceTree = "<group>"; };
		AE0C444703368C0FB0E2C354 /* ParamMenuItem.swift */ = {isa = PBXFileReference; fileEncoding = 4; lastKnownFileType = sourcecode.swift; path = ParamMenuItem.swift; sourceTree = "<group>"; };
		AE0C4463E52394F388D39791 /* Parameters.swift */ = {isa = PBXFileReference; fileEncoding = 4; lastKnownFileType = sourcecode.swift; path = Parameters.swift; sourceTree = "<group>"; };
		AE0C4C301E883B17471458E5 /* PanelController.swift */ = {isa = PBXFileReference; fileEncoding = 4; lastKnownFileType = sourcecode.swift; path = PanelController.swift; sourceTree = "<group>"; };
		AE0C4CBD1A25156DCE484BB4 /* HotKeyManager.swift */ = {isa = PBXFileReference; fileEncoding = 4; lastKnownFileType = sourcecode.swift; path = HotKeyManager.swift; sourceTree = "<group>"; };
/* End PBXFileReference section */

/* Begin PBXFrameworksBuildPhase section */
		7A6943FA271496C1009DB1BB /* Frameworks */ = {
			isa = PBXFrameworksBuildPhase;
			buildActionMask = 2147483647;
			files = (
			);
			runOnlyForDeploymentPostprocessing = 0;
		};
/* End PBXFrameworksBuildPhase section */

/* Begin PBXGroup section */
		7A6943F4271496C1009DB1BB = {
			isa = PBXGroup;
			children = (
				7A6943FF271496C1009DB1BB /* Drawerlay */,
				7A6943FE271496C1009DB1BB /* Products */,
			);
			sourceTree = "<group>";
		};
		7A6943FE271496C1009DB1BB /* Products */ = {
			isa = PBXGroup;
			children = (
				7A6943FD271496C1009DB1BB /* Drawerlay.app */,
			);
			name = Products;
			sourceTree = "<group>";
		};
		7A6943FF271496C1009DB1BB /* Drawerlay */ = {
			isa = PBXGroup;
			children = (
				7A69441427149717009DB1BB /* StatusBarController.swift */,
				7A694400271496C1009DB1BB /* AppDelegate.swift */,
				7A69440C271496C2009DB1BB /* Info.plist */,
				7A69441B27149AEB009DB1BB /* main.swift */,
				7A69441F2714A748009DB1BB /* DrawViewController.swift */,
				7A773BCE2714C77600697D14 /* DrawView.swift */,
				AE0C4C301E883B17471458E5 /* PanelController.swift */,
				AE0C4CBD1A25156DCE484BB4 /* HotKeyManager.swift */,
				AE0C4463E52394F388D39791 /* Parameters.swift */,
				AE0C444703368C0FB0E2C354 /* ParamMenuItem.swift */,
				AE0C431BE5CB2737030902B0 /* HotKeyViewController.swift */,
				AE0C4235D3D1D2CC2FE5483B /* HotKeyWindowController.swift */,
				AE0C4126D4386047C19F3C42 /* CarbonKeys.swift */,
				AE0C420BAE8F7BFD35E70B3F /* HotKey.swift */,
				7AAEA9C827A34212002019E5 /* Images.xcassets */,
			);
			path = Drawerlay;
			sourceTree = "<group>";
		};
/* End PBXGroup section */

/* Begin PBXNativeTarget section */
		7A6943FC271496C1009DB1BB /* Drawerlay */ = {
			isa = PBXNativeTarget;
			buildConfigurationList = 7A694410271496C2009DB1BB /* Build configuration list for PBXNativeTarget "Drawerlay" */;
			buildPhases = (
				7A6943F9271496C1009DB1BB /* Sources */,
				7A6943FA271496C1009DB1BB /* Frameworks */,
				7A6943FB271496C1009DB1BB /* Resources */,
			);
			buildRules = (
			);
			dependencies = (
			);
			name = Drawerlay;
			productName = Drawerlay;
			productReference = 7A6943FD271496C1009DB1BB /* Drawerlay.app */;
			productType = "com.apple.product-type.application";
		};
/* End PBXNativeTarget section */

/* Begin PBXProject section */
		7A6943F5271496C1009DB1BB /* Project object */ = {
			isa = PBXProject;
			attributes = {
				LastSwiftUpdateCheck = 1240;
				LastUpgradeCheck = 1240;
				TargetAttributes = {
					7A6943FC271496C1009DB1BB = {
						CreatedOnToolsVersion = 12.4;
					};
				};
			};
			buildConfigurationList = 7A6943F8271496C1009DB1BB /* Build configuration list for PBXProject "Drawerlay" */;
			compatibilityVersion = "Xcode 11.4";
			developmentRegion = en;
			hasScannedForEncodings = 0;
			knownRegions = (
				en,
				Base,
			);
			mainGroup = 7A6943F4271496C1009DB1BB;
			productRefGroup = 7A6943FE271496C1009DB1BB /* Products */;
			projectDirPath = "";
			projectRoot = "";
			targets = (
				7A6943FC271496C1009DB1BB /* Drawerlay */,
			);
		};
/* End PBXProject section */

/* Begin PBXResourcesBuildPhase section */
		7A6943FB271496C1009DB1BB /* Resources */ = {
			isa = PBXResourcesBuildPhase;
			buildActionMask = 2147483647;
			files = (
				7AAEA9C927A34212002019E5 /* Images.xcassets in Resources */,
			);
			runOnlyForDeploymentPostprocessing = 0;
		};
/* End PBXResourcesBuildPhase section */

/* Begin PBXSourcesBuildPhase section */
		7A6943F9271496C1009DB1BB /* Sources */ = {
			isa = PBXSourcesBuildPhase;
			buildActionMask = 2147483647;
			files = (
				7A69441527149717009DB1BB /* StatusBarController.swift in Sources */,
				7A773BCF2714C77600697D14 /* DrawView.swift in Sources */,
				7A694401271496C1009DB1BB /* AppDelegate.swift in Sources */,
				7A6944202714A748009DB1BB /* DrawViewController.swift in Sources */,
				7A69441C27149AEB009DB1BB /* main.swift in Sources */,
				AE0C45077AEA2E4E33CAA982 /* PanelController.swift in Sources */,
				AE0C4E9E3ACB546674BF2FC4 /* HotKeyManager.swift in Sources */,
				AE0C423FEF1CC69763A92346 /* Parameters.swift in Sources */,
				AE0C42FCB8F2F66B47E824C2 /* ParamMenuItem.swift in Sources */,
				AE0C4D064BD2D9704F230476 /* HotKeyViewController.swift in Sources */,
				AE0C4905B4113B4C048E4D26 /* HotKeyWindowController.swift in Sources */,
				AE0C41055ADEFBB91A73018B /* CarbonKeys.swift in Sources */,
				AE0C42FDB507D3B37CAFEAD9 /* HotKey.swift in Sources */,
			);
			runOnlyForDeploymentPostprocessing = 0;
		};
/* End PBXSourcesBuildPhase section */

/* Begin XCBuildConfiguration section */
		7A69440E271496C2009DB1BB /* Debug */ = {
			isa = XCBuildConfiguration;
			buildSettings = {
				ALWAYS_SEARCH_USER_PATHS = NO;
				CLANG_ANALYZER_NONNULL = YES;
				CLANG_ANALYZER_NUMBER_OBJECT_CONVERSION = YES_AGGRESSIVE;
				CLANG_CXX_LANGUAGE_STANDARD = "gnu++14";
				CLANG_CXX_LIBRARY = "libc++";
				CLANG_ENABLE_MODULES = YES;
				CLANG_ENABLE_OBJC_ARC = YES;
				CLANG_ENABLE_OBJC_WEAK = YES;
				CLANG_WARN_BLOCK_CAPTURE_AUTORELEASING = YES;
				CLANG_WARN_BOOL_CONVERSION = YES;
				CLANG_WARN_COMMA = YES;
				CLANG_WARN_CONSTANT_CONVERSION = YES;
				CLANG_WARN_DEPRECATED_OBJC_IMPLEMENTATIONS = YES;
				CLANG_WARN_DIRECT_OBJC_ISA_USAGE = YES_ERROR;
				CLANG_WARN_DOCUMENTATION_COMMENTS = YES;
				CLANG_WARN_EMPTY_BODY = YES;
				CLANG_WARN_ENUM_CONVERSION = YES;
				CLANG_WARN_INFINITE_RECURSION = YES;
				CLANG_WARN_INT_CONVERSION = YES;
				CLANG_WARN_NON_LITERAL_NULL_CONVERSION = YES;
				CLANG_WARN_OBJC_IMPLICIT_RETAIN_SELF = YES;
				CLANG_WARN_OBJC_LITERAL_CONVERSION = YES;
				CLANG_WARN_OBJC_ROOT_CLASS = YES_ERROR;
				CLANG_WARN_QUOTED_INCLUDE_IN_FRAMEWORK_HEADER = YES;
				CLANG_WARN_RANGE_LOOP_ANALYSIS = YES;
				CLANG_WARN_STRICT_PROTOTYPES = YES;
				CLANG_WARN_SUSPICIOUS_MOVE = YES;
				CLANG_WARN_UNGUARDED_AVAILABILITY = YES_AGGRESSIVE;
				CLANG_WARN_UNREACHABLE_CODE = YES;
				CLANG_WARN__DUPLICATE_METHOD_MATCH = YES;
				COPY_PHASE_STRIP = NO;
				DEBUG_INFORMATION_FORMAT = dwarf;
				ENABLE_STRICT_OBJC_MSGSEND = YES;
				ENABLE_TESTABILITY = YES;
				GCC_C_LANGUAGE_STANDARD = gnu11;
				GCC_DYNAMIC_NO_PIC = NO;
				GCC_NO_COMMON_BLOCKS = YES;
				GCC_OPTIMIZATION_LEVEL = 0;
				GCC_PREPROCESSOR_DEFINITIONS = (
					"DEBUG=1",
					"$(inherited)",
				);
				GCC_WARN_64_TO_32_BIT_CONVERSION = YES;
				GCC_WARN_ABOUT_RETURN_TYPE = YES_ERROR;
				GCC_WARN_UNDECLARED_SELECTOR = YES;
				GCC_WARN_UNINITIALIZED_AUTOS = YES_AGGRESSIVE;
				GCC_WARN_UNUSED_FUNCTION = YES;
				GCC_WARN_UNUSED_VARIABLE = YES;
				MACOSX_DEPLOYMENT_TARGET = 10.15;
				MTL_ENABLE_DEBUG_INFO = INCLUDE_SOURCE;
				MTL_FAST_MATH = YES;
				ONLY_ACTIVE_ARCH = YES;
				SDKROOT = macosx;
				SWIFT_ACTIVE_COMPILATION_CONDITIONS = DEBUG;
				SWIFT_OPTIMIZATION_LEVEL = "-Onone";
			};
			name = Debug;
		};
		7A69440F271496C2009DB1BB /* Release */ = {
			isa = XCBuildConfiguration;
			buildSettings = {
				ALWAYS_SEARCH_USER_PATHS = NO;
				CLANG_ANALYZER_NONNULL = YES;
				CLANG_ANALYZER_NUMBER_OBJECT_CONVERSION = YES_AGGRESSIVE;
				CLANG_CXX_LANGUAGE_STANDARD = "gnu++14";
				CLANG_CXX_LIBRARY = "libc++";
				CLANG_ENABLE_MODULES = YES;
				CLANG_ENABLE_OBJC_ARC = YES;
				CLANG_ENABLE_OBJC_WEAK = YES;
				CLANG_WARN_BLOCK_CAPTURE_AUTORELEASING = YES;
				CLANG_WARN_BOOL_CONVERSION = YES;
				CLANG_WARN_COMMA = YES;
				CLANG_WARN_CONSTANT_CONVERSION = YES;
				CLANG_WARN_DEPRECATED_OBJC_IMPLEMENTATIONS = YES;
				CLANG_WARN_DIRECT_OBJC_ISA_USAGE = YES_ERROR;
				CLANG_WARN_DOCUMENTATION_COMMENTS = YES;
				CLANG_WARN_EMPTY_BODY = YES;
				CLANG_WARN_ENUM_CONVERSION = YES;
				CLANG_WARN_INFINITE_RECURSION = YES;
				CLANG_WARN_INT_CONVERSION = YES;
				CLANG_WARN_NON_LITERAL_NULL_CONVERSION = YES;
				CLANG_WARN_OBJC_IMPLICIT_RETAIN_SELF = YES;
				CLANG_WARN_OBJC_LITERAL_CONVERSION = YES;
				CLANG_WARN_OBJC_ROOT_CLASS = YES_ERROR;
				CLANG_WARN_QUOTED_INCLUDE_IN_FRAMEWORK_HEADER = YES;
				CLANG_WARN_RANGE_LOOP_ANALYSIS = YES;
				CLANG_WARN_STRICT_PROTOTYPES = YES;
				CLANG_WARN_SUSPICIOUS_MOVE = YES;
				CLANG_WARN_UNGUARDED_AVAILABILITY = YES_AGGRESSIVE;
				CLANG_WARN_UNREACHABLE_CODE = YES;
				CLANG_WARN__DUPLICATE_METHOD_MATCH = YES;
				COPY_PHASE_STRIP = NO;
				DEBUG_INFORMATION_FORMAT = "dwarf-with-dsym";
				ENABLE_NS_ASSERTIONS = NO;
				ENABLE_STRICT_OBJC_MSGSEND = YES;
				GCC_C_LANGUAGE_STANDARD = gnu11;
				GCC_NO_COMMON_BLOCKS = YES;
				GCC_WARN_64_TO_32_BIT_CONVERSION = YES;
				GCC_WARN_ABOUT_RETURN_TYPE = YES_ERROR;
				GCC_WARN_UNDECLARED_SELECTOR = YES;
				GCC_WARN_UNINITIALIZED_AUTOS = YES_AGGRESSIVE;
				GCC_WARN_UNUSED_FUNCTION = YES;
				GCC_WARN_UNUSED_VARIABLE = YES;
				MACOSX_DEPLOYMENT_TARGET = 10.15;
				MTL_ENABLE_DEBUG_INFO = NO;
				MTL_FAST_MATH = YES;
				SDKROOT = macosx;
				SWIFT_COMPILATION_MODE = wholemodule;
				SWIFT_OPTIMIZATION_LEVEL = "-O";
			};
			name = Release;
		};
		7A694411271496C2009DB1BB /* Debug */ = {
			isa = XCBuildConfiguration;
			buildSettings = {
				ASSETCATALOG_COMPILER_APPICON_NAME = AppIcon;
				CODE_SIGN_STYLE = Manual;
				COMBINE_HIDPI_IMAGES = YES;
				ENABLE_PREVIEWS = YES;
				INFOPLIST_FILE = Drawerlay/Info.plist;
				LD_RUNPATH_SEARCH_PATHS = (
					"$(inherited)",
					"@executable_path/../Frameworks",
				);
				MACOSX_DEPLOYMENT_TARGET = 10.15;
				PRODUCT_BUNDLE_IDENTIFIER = ru.neofusion.Drawerlay;
				PRODUCT_NAME = "$(TARGET_NAME)";
				SWIFT_VERSION = 5.0;
			};
			name = Debug;
		};
		7A694412271496C2009DB1BB /* Release */ = {
			isa = XCBuildConfiguration;
			buildSettings = {
				ASSETCATALOG_COMPILER_APPICON_NAME = AppIcon;
				CODE_SIGN_STYLE = Manual;
				COMBINE_HIDPI_IMAGES = YES;
				ENABLE_PREVIEWS = YES;
				INFOPLIST_FILE = Drawerlay/Info.plist;
				LD_RUNPATH_SEARCH_PATHS = (
					"$(inherited)",
					"@executable_path/../Frameworks",
				);
				MACOSX_DEPLOYMENT_TARGET = 10.15;
				PRODUCT_BUNDLE_IDENTIFIER = ru.neofusion.Drawerlay;
				PRODUCT_NAME = "$(TARGET_NAME)";
				SWIFT_VERSION = 5.0;
			};
			name = Release;
		};
/* End XCBuildConfiguration section */

/* Begin XCConfigurationList section */
		7A6943F8271496C1009DB1BB /* Build configuration list for PBXProject "Drawerlay" */ = {
			isa = XCConfigurationList;
			buildConfigurations = (
				7A69440E271496C2009DB1BB /* Debug */,
				7A69440F271496C2009DB1BB /* Release */,
			);
			defaultConfigurationIsVisible = 0;
			defaultConfigurationName = Release;
		};
		7A694410271496C2009DB1BB /* Build configuration list for PBXNativeTarget "Drawerlay" */ = {
			isa = XCConfigurationList;
			buildConfigurations = (
				7A694411271496C2009DB1BB /* Debug */,
				7A694412271496C2009DB1BB /* Release */,
			);
			defaultConfigurationIsVisible = 0;
			defaultConfigurationName = Release;
		};
/* End XCConfigurationList section */
	};
	rootObject = 7A6943F5271496C1009DB1BB /* Project object */;
}
